
Microsoft Visual Studio Solution File, Format Version 12.00
# Visual Studio 15
Project("{FAE04EC0-301F-11D3-BF4B-00C04F79EFBC}") = "PenAndPaper", "PenAndPaper.csproj", "{44C08CE8-6FA4-0703-6445-024C3214106A}"
EndProject
Project("{FAE04EC0-301F-11D3-BF4B-00C04F79EFBC}") = "PenAndPaper.Plugins", "PenAndPaper.Plugins.csproj", "{19BAA0F2-F092-C061-FE8E-6F808522F5A1}"
EndProject
Project("{FAE04EC0-301F-11D3-BF4B-00C04F79EFBC}") = "PenAndPaper.Editor.Plugins", "PenAndPaper.Editor.Plugins.csproj", "{816C7D2F-638A-ED46-2E38-8916F4609206}"
EndProject
Project("{FAE04EC0-301F-11D3-BF4B-00C04F79EFBC}") = "PenAndPaper.Editor", "PenAndPaper.Editor.csproj", "{894874CF-F464-FCCD-AE19-D578A825A248}"
EndProject
Global
	GlobalSection(SolutionConfigurationPlatforms) = preSolution
		Debug|Any CPU = Debug|Any CPU
		Release|Any CPU = Release|Any CPU
	EndGlobalSection
	GlobalSection(ProjectConfigurationPlatforms) = postSolution
		{44C08CE8-6FA4-0703-6445-024C3214106A}.Debug|Any CPU.ActiveCfg = Debug|Any CPU
		{44C08CE8-6FA4-0703-6445-024C3214106A}.Debug|Any CPU.Build.0 = Debug|Any CPU
		{44C08CE8-6FA4-0703-6445-024C3214106A}.Release|Any CPU.ActiveCfg = Release|Any CPU
		{44C08CE8-6FA4-0703-6445-024C3214106A}.Release|Any CPU.Build.0 = Release|Any CPU
		{19BAA0F2-F092-C061-FE8E-6F808522F5A1}.Debug|Any CPU.ActiveCfg = Debug|Any CPU
		{19BAA0F2-F092-C061-FE8E-6F808522F5A1}.Debug|Any CPU.Build.0 = Debug|Any CPU
		{19BAA0F2-F092-C061-FE8E-6F808522F5A1}.Release|Any CPU.ActiveCfg = Release|Any CPU
		{19BAA0F2-F092-C061-FE8E-6F808522F5A1}.Release|Any CPU.Build.0 = Release|Any CPU
		{816C7D2F-638A-ED46-2E38-8916F4609206}.Debug|Any CPU.ActiveCfg = Debug|Any CPU
		{816C7D2F-638A-ED46-2E38-8916F4609206}.Debug|Any CPU.Build.0 = Debug|Any CPU
		{816C7D2F-638A-ED46-2E38-8916F4609206}.Release|Any CPU.ActiveCfg = Release|Any CPU
		{816C7D2F-638A-ED46-2E38-8916F4609206}.Release|Any CPU.Build.0 = Release|Any CPU
		{894874CF-F464-FCCD-AE19-D578A825A248}.Debug|Any CPU.ActiveCfg = Debug|Any CPU
		{894874CF-F464-FCCD-AE19-D578A825A248}.Debug|Any CPU.Build.0 = Debug|Any CPU
		{894874CF-F464-FCCD-AE19-D578A825A248}.Release|Any CPU.ActiveCfg = Release|Any CPU
		{894874CF-F464-FCCD-AE19-D578A825A248}.Release|Any CPU.Build.0 = Release|Any CPU
	EndGlobalSection
	GlobalSection(SolutionProperties) = preSolution
		HideSolutionNode = FALSE
	EndGlobalSection
EndGlobal
